
Microsoft Visual Studio Solution File, Format Version 12.00
# Visual Studio Version 16
VisualStudioVersion = 16.0.28803.916
MinimumVisualStudioVersion = 10.0.40219.1
Project("{FAE04EC0-301F-11D3-BF4B-00C04F79EFBC}") = "QuanLyKhachSan", "QuanLyKhachSan\QuanLyKhachSan.csproj", "{55C2580D-692F-4073-8FD9-3BE1BD2ED458}"
EndProject
Global
	GlobalSection(SolutionConfigurationPlatforms) = preSolution
		Debug|Any CPU = Debug|Any CPU
		Release|Any CPU = Release|Any CPU
	EndGlobalSection
	GlobalSection(ProjectConfigurationPlatforms) = postSolution
		{55C2580D-692F-4073-8FD9-3BE1BD2ED458}.Debug|Any CPU.ActiveCfg = Debug|Any CPU
		{55C2580D-692F-4073-8FD9-3BE1BD2ED458}.Debug|Any CPU.Build.0 = Debug|Any CPU
		{55C2580D-692F-4073-8FD9-3BE1BD2ED458}.Release|Any CPU.ActiveCfg = Release|Any CPU
		{55C2580D-692F-4073-8FD9-3BE1BD2ED458}.Release|Any CPU.Build.0 = Release|Any CPU
	EndGlobalSection
	GlobalSection(SolutionProperties) = preSolution
		HideSolutionNode = FALSE
	EndGlobalSection
	GlobalSection(ExtensibilityGlobals) = postSolution
		SolutionGuid = {80AEDFC6-3D15-4D2E-A663-14F021A2DA5B}
	EndGlobalSection
EndGlobal
